<?xml version="1.0" encoding="utf-8"?>
<Project ToolsVersion="4.0" xmlns="http://schemas.microsoft.com/developer/msbuild/2003">
  <ItemGroup>
    <Filter Include="소스 파일">
      <UniqueIdentifier>{4FC737F1-C7A5-4376-A066-2A32D752A2FF}</UniqueIdentifier>
      <Extensions>cpp;c;cc;cxx;c++;cppm;ixx;def;odl;idl;hpj;bat;asm;asmx</Extensions>
    </Filter>
    <Filter Include="헤더 파일">
      <UniqueIdentifier>{93995380-89BD-4b04-88EB-625FBE52EBFB}</UniqueIdentifier>
      <Extensions>h;hh;hpp;hxx;h++;hm;inl;inc;ipp;xsd</Extensions>
    </Filter>
    <Filter Include="리소스 파일">
      <UniqueIdentifier>{67DA6AB6-F800-4c08-8B7A-83BB121AAD01}</UniqueIdentifier>
      <Extensions>rc;ico;cur;bmp;dlg;rc2;rct;bin;rgs;gif;jpg;jpeg;jpe;resx;tiff;tif;png;wav;mfcribbon-ms</Extensions>
    </Filter>
    <Filter Include="소스 파일\99.Headers">
      <UniqueIdentifier>{32c87343-0dfd-4e62-ac3a-bd50a00952e0}</UniqueIdentifier>
    </Filter>
    <Filter Include="소스 파일\01.Main">
      <UniqueIdentifier>{2aea3da1-5b97-4e04-b379-35d2db8a1961}</UniqueIdentifier>
    </Filter>
    <Filter Include="소스 파일\99.Headers\DefaultHeader">
      <UniqueIdentifier>{30aa35d7-e943-4be9-95cc-6a26fdef9609}</UniqueIdentifier>
    </Filter>
    <Filter Include="소스 파일\98.Shaders">
      <UniqueIdentifier>{ecca6468-7357-489e-82d5-d15165ac129e}</UniqueIdentifier>
    </Filter>
    <Filter Include="소스 파일\99.Headers\Utils">
      <UniqueIdentifier>{b96013cc-bef2-43e3-ada5-f0357077884c}</UniqueIdentifier>
    </Filter>
    <Filter Include="소스 파일\00.Engine">
      <UniqueIdentifier>{88315bde-d43b-466e-9c28-5b8126f71272}</UniqueIdentifier>
    </Filter>
    <Filter Include="소스 파일\00.Engine\Pipeline">
      <UniqueIdentifier>{1b14d849-6560-49ee-b14b-845d0ecab3e8}</UniqueIdentifier>
    </Filter>
    <Filter Include="소스 파일\00.Engine\Pipeline\00.Geometry">
      <UniqueIdentifier>{e2ee7dc1-e257-42c2-a3de-48bf5d7ccb37}</UniqueIdentifier>
    </Filter>
    <Filter Include="소스 파일\00.Engine\Pipeline\01.InputAssembler">
      <UniqueIdentifier>{b3512332-b27a-46f6-b653-17c156fefacf}</UniqueIdentifier>
    </Filter>
    <Filter Include="소스 파일\00.Engine\Pipeline\02.VertexShader">
      <UniqueIdentifier>{b7dce3f8-6d11-4773-abc7-1059fafae881}</UniqueIdentifier>
    </Filter>
    <Filter Include="소스 파일\00.Engine\Pipeline\03.Rasterizer">
      <UniqueIdentifier>{b4cedd9a-dce5-4a56-a07a-e0c881ce24d0}</UniqueIdentifier>
    </Filter>
    <Filter Include="소스 파일\00.Engine\Pipeline\04.PixelShader">
      <UniqueIdentifier>{68c215ae-f650-4c19-99dc-4470fcdb024e}</UniqueIdentifier>
    </Filter>
    <Filter Include="소스 파일\00.Engine\Pipeline\05.OutputMerger">
      <UniqueIdentifier>{dbcfedc8-039c-4456-a474-d164f38f9af9}</UniqueIdentifier>
    </Filter>
  </ItemGroup>
  <ItemGroup>
    <ClInclude Include="framework.h">
      <Filter>소스 파일\99.Headers\DefaultHeader</Filter>
    </ClInclude>
    <ClInclude Include="GameCoding_DefaultFramework.h">
      <Filter>소스 파일\99.Headers\DefaultHeader</Filter>
    </ClInclude>
    <ClInclude Include="Resource.h">
      <Filter>소스 파일\99.Headers\DefaultHeader</Filter>
    </ClInclude>
    <ClInclude Include="targetver.h">
      <Filter>소스 파일\99.Headers\DefaultHeader</Filter>
    </ClInclude>
    <ClInclude Include="Struct.h">
      <Filter>소스 파일\99.Headers</Filter>
    </ClInclude>
    <ClInclude Include="Types.h">
      <Filter>소스 파일\99.Headers</Filter>
    </ClInclude>
    <ClInclude Include="Values.h">
      <Filter>소스 파일\99.Headers</Filter>
    </ClInclude>
    <ClInclude Include="Game.h">
      <Filter>소스 파일\01.Main</Filter>
    </ClInclude>
    <ClInclude Include="pch.h">
      <Filter>소스 파일\99.Headers</Filter>
    </ClInclude>
    <ClInclude Include="SimpleMath.h">
      <Filter>소스 파일\99.Headers\Utils</Filter>
    </ClInclude>
    <ClInclude Include="Graphics.h">
      <Filter>소스 파일\00.Engine\Pipeline</Filter>
    </ClInclude>
    <ClInclude Include="IndexBuffer.h">
      <Filter>소스 파일\00.Engine\Pipeline\01.InputAssembler</Filter>
    </ClInclude>
    <ClInclude Include="InputLayout.h">
      <Filter>소스 파일\00.Engine\Pipeline\01.InputAssembler</Filter>
    </ClInclude>
    <ClInclude Include="VertexBuffer.h">
      <Filter>소스 파일\00.Engine\Pipeline\01.InputAssembler</Filter>
    </ClInclude>
  </ItemGroup>
  <ItemGroup>
    <ResourceCompile Include="GameCoding_DefaultFramework.rc">
      <Filter>리소스 파일</Filter>
    </ResourceCompile>
  </ItemGroup>
  <ItemGroup>
    <Image Include="small.ico">
      <Filter>리소스 파일</Filter>
    </Image>
    <Image Include="GameCoding_DefaultFramework.ico">
      <Filter>리소스 파일</Filter>
    </Image>
  </ItemGroup>
  <ItemGroup>
    <ClCompile Include="GameCoding_DefaultFramework.cpp">
      <Filter>소스 파일\01.Main</Filter>
    </ClCompile>
    <ClCompile Include="pch.cpp">
      <Filter>소스 파일\99.Headers</Filter>
    </ClCompile>
    <ClCompile Include="Game.cpp">
      <Filter>소스 파일\01.Main</Filter>
    </ClCompile>
    <ClCompile Include="SimpleMath.cpp">
      <Filter>소스 파일\99.Headers\Utils</Filter>
    </ClCompile>
    <ClCompile Include="Graphics.cpp">
      <Filter>소스 파일\00.Engine\Pipeline</Filter>
    </ClCompile>
    <ClCompile Include="IndexBuffer.cpp">
      <Filter>소스 파일\00.Engine\Pipeline\01.InputAssembler</Filter>
    </ClCompile>
    <ClCompile Include="VertexBuffer.cpp">
      <Filter>소스 파일\00.Engine\Pipeline\01.InputAssembler</Filter>
    </ClCompile>
    <ClCompile Include="InputLayout.cpp">
      <Filter>소스 파일\00.Engine\Pipeline\01.InputAssembler</Filter>
    </ClCompile>
  </ItemGroup>
  <ItemGroup>
    <FxCompile Include="Default.hlsl">
      <Filter>소스 파일\98.Shaders</Filter>
    </FxCompile>
  </ItemGroup>
  <ItemGroup>
    <None Include="SimpleMath.inl">
      <Filter>소스 파일\99.Headers\Utils</Filter>
    </None>
  </ItemGroup>
</Project>